
Microsoft Visual Studio Solution File, Format Version 12.00
# Visual Studio 15
VisualStudioVersion = 15.0.28307.539
MinimumVisualStudioVersion = 10.0.40219.1
Project("{FAE04EC0-301F-11D3-BF4B-00C04F79EFBC}") = "DataLayer", "DataLayer\DataLayer.csproj", "{BEEAA231-A24C-4044-B01C-7F39C652AF44}"
EndProject
Project("{FAE04EC0-301F-11D3-BF4B-00C04F79EFBC}") = "Helpers", "Helpers\Helpers.csproj", "{752A63A0-0170-4B23-8B0C-D06E4669BAE6}"
EndProject
Project("{FAE04EC0-301F-11D3-BF4B-00C04F79EFBC}") = "Interfaces", "Interfaces\Interfaces.csproj", "{29BBFBB7-0A57-4542-8257-E28FB75EEF37}"
EndProject
Project("{FAE04EC0-301F-11D3-BF4B-00C04F79EFBC}") = "LogicLayer", "LogicLayer\LogicLayer.csproj", "{69AF886C-9206-47C5-9BE5-11316419EF36}"
EndProject
Project("{FAE04EC0-301F-11D3-BF4B-00C04F79EFBC}") = "Models", "Models\Models.csproj", "{76D4A174-035E-4E9D-87D1-85C666EFC95F}"
EndProject
Project("{FAE04EC0-301F-11D3-BF4B-00C04F79EFBC}") = "MovieSite.TestProject", "MovieSite.TestProject\MovieSite.TestProject.csproj", "{B535014F-85DD-4DF3-AA96-4061763F5A91}"
EndProject
Project("{FAE04EC0-301F-11D3-BF4B-00C04F79EFBC}") = "MovieWebsite", "MovieWebsite\MovieWebsite.csproj", "{38455C09-57BC-4AEE-85FB-F9E8754246E8}"
EndProject
Global
	GlobalSection(SolutionConfigurationPlatforms) = preSolution
		Debug|Any CPU = Debug|Any CPU
		Release|Any CPU = Release|Any CPU
	EndGlobalSection
	GlobalSection(ProjectConfigurationPlatforms) = postSolution
		{BEEAA231-A24C-4044-B01C-7F39C652AF44}.Debug|Any CPU.ActiveCfg = Debug|Any CPU
		{BEEAA231-A24C-4044-B01C-7F39C652AF44}.Debug|Any CPU.Build.0 = Debug|Any CPU
		{BEEAA231-A24C-4044-B01C-7F39C652AF44}.Release|Any CPU.ActiveCfg = Release|Any CPU
		{BEEAA231-A24C-4044-B01C-7F39C652AF44}.Release|Any CPU.Build.0 = Release|Any CPU
		{752A63A0-0170-4B23-8B0C-D06E4669BAE6}.Debug|Any CPU.ActiveCfg = Debug|Any CPU
		{752A63A0-0170-4B23-8B0C-D06E4669BAE6}.Debug|Any CPU.Build.0 = Debug|Any CPU
		{752A63A0-0170-4B23-8B0C-D06E4669BAE6}.Release|Any CPU.ActiveCfg = Release|Any CPU
		{752A63A0-0170-4B23-8B0C-D06E4669BAE6}.Release|Any CPU.Build.0 = Release|Any CPU
		{29BBFBB7-0A57-4542-8257-E28FB75EEF37}.Debug|Any CPU.ActiveCfg = Debug|Any CPU
		{29BBFBB7-0A57-4542-8257-E28FB75EEF37}.Debug|Any CPU.Build.0 = Debug|Any CPU
		{29BBFBB7-0A57-4542-8257-E28FB75EEF37}.Release|Any CPU.ActiveCfg = Release|Any CPU
		{29BBFBB7-0A57-4542-8257-E28FB75EEF37}.Release|Any CPU.Build.0 = Release|Any CPU
		{69AF886C-9206-47C5-9BE5-11316419EF36}.Debug|Any CPU.ActiveCfg = Debug|Any CPU
		{69AF886C-9206-47C5-9BE5-11316419EF36}.Debug|Any CPU.Build.0 = Debug|Any CPU
		{69AF886C-9206-47C5-9BE5-11316419EF36}.Release|Any CPU.ActiveCfg = Release|Any CPU
		{69AF886C-9206-47C5-9BE5-11316419EF36}.Release|Any CPU.Build.0 = Release|Any CPU
		{76D4A174-035E-4E9D-87D1-85C666EFC95F}.Debug|Any CPU.ActiveCfg = Debug|Any CPU
		{76D4A174-035E-4E9D-87D1-85C666EFC95F}.Debug|Any CPU.Build.0 = Debug|Any CPU
		{76D4A174-035E-4E9D-87D1-85C666EFC95F}.Release|Any CPU.ActiveCfg = Release|Any CPU
		{76D4A174-035E-4E9D-87D1-85C666EFC95F}.Release|Any CPU.Build.0 = Release|Any CPU
		{B535014F-85DD-4DF3-AA96-4061763F5A91}.Debug|Any CPU.ActiveCfg = Debug|Any CPU
		{B535014F-85DD-4DF3-AA96-4061763F5A91}.Debug|Any CPU.Build.0 = Debug|Any CPU
		{B535014F-85DD-4DF3-AA96-4061763F5A91}.Release|Any CPU.ActiveCfg = Release|Any CPU
		{B535014F-85DD-4DF3-AA96-4061763F5A91}.Release|Any CPU.Build.0 = Release|Any CPU
		{38455C09-57BC-4AEE-85FB-F9E8754246E8}.Debug|Any CPU.ActiveCfg = Debug|Any CPU
		{38455C09-57BC-4AEE-85FB-F9E8754246E8}.Debug|Any CPU.Build.0 = Debug|Any CPU
		{38455C09-57BC-4AEE-85FB-F9E8754246E8}.Release|Any CPU.ActiveCfg = Release|Any CPU
		{38455C09-57BC-4AEE-85FB-F9E8754246E8}.Release|Any CPU.Build.0 = Release|Any CPU
	EndGlobalSection
	GlobalSection(SolutionProperties) = preSolution
		HideSolutionNode = FALSE
	EndGlobalSection
	GlobalSection(ExtensibilityGlobals) = postSolution
		SolutionGuid = {8A0289A1-38AC-40BD-B3C1-506A6B61154E}
	EndGlobalSection
EndGlobal
